PODS:
  - Alamofire (4.5.0)
  - Kingfisher (3.10.1)
  - Nimble (7.0.1)
  - PKHUD (4.2.3)
  - Quick (1.1.0)
  - SwiftyJSON (3.1.4)
  - SwiftyUserDefaults (3.0.0)

DEPENDENCIES:
  - Alamofire (~> 4.4)
  - Kingfisher
  - Nimble
  - PKHUD (~> 4.0)
  - Quick
  - SwiftyJSON
  - SwiftyUserDefaults

SPEC CHECKSUMS:
  Alamofire: f28cdffd29de33a7bfa022cbd63ae95a27fae140
  Kingfisher: 33a1b82140fcb14a9fc13f78dfde2a03ff8de8cb
  Nimble: 657d000e11df8aebe27cdaf9d244de7f30ed87f7
  PKHUD: c7692163a09875cbf15827dc581df3c5cf7f1015
  Quick: dafc587e21eed9f4cab3249b9f9015b0b7a7f71d
  SwiftyJSON: c2842d878f95482ffceec5709abc3d05680c0220
  SwiftyUserDefaults: 0f1d45fc3aafb9064dac661e367f8f83fe21a4b4

PODFILE CHECKSUM: 10fbff00e0af39b17fd18d2e9e0f2c601faca383

COCOAPODS: 1.1.1
