// !$*UTF8*$!
{
	archiveVersion = 1;
	classes = {
	};
	objectVersion = 46;
	objects = {

/* Begin PBXBuildFile section */
		833167B21F03FBE400F415F5 /* AppDelegate.swift in Sources */ = {isa = PBXBuildFile; fileRef = 833167B11F03FBE400F415F5 /* AppDelegate.swift */; };
		833167B41F03FBE400F415F5 /* ViewController.swift in Sources */ = {isa = PBXBuildFile; fileRef = 833167B31F03FBE400F415F5 /* ViewController.swift */; };
		833167B71F03FBE400F415F5 /* Main.storyboard in Resources */ = {isa = PBXBuildFile; fileRef = 833167B51F03FBE400F415F5 /* Main.storyboard */; };
		833167B91F03FBE400F415F5 /* Assets.xcassets in Resources */ = {isa = PBXBuildFile; fileRef = 833167B81F03FBE400F415F5 /* Assets.xcassets */; };
		833167BC1F03FBE400F415F5 /* LaunchScreen.storyboard in Resources */ = {isa = PBXBuildFile; fileRef = 833167BA1F03FBE400F415F5 /* LaunchScreen.storyboard */; };
		833167C71F03FBE400F415F5 /* mafemgwoDemoTests.swift in Sources */ = {isa = PBXBuildFile; fileRef = 833167C61F03FBE400F415F5 /* mafemgwoDemoTests.swift */; };
		833167D21F03FBE400F415F5 /* mafemgwoDemoUITests.swift in Sources */ = {isa = PBXBuildFile; fileRef = 833167D11F03FBE400F415F5 /* mafemgwoDemoUITests.swift */; };
		8372B0281F04074400F5C081 /* PublicConstants.swift in Sources */ = {isa = PBXBuildFile; fileRef = 8372B0271F04074400F5C081 /* PublicConstants.swift */; };
		8372B0291F04074400F5C081 /* PublicConstants.swift in Sources */ = {isa = PBXBuildFile; fileRef = 8372B0271F04074400F5C081 /* PublicConstants.swift */; };
		8372B02A1F04074400F5C081 /* PublicConstants.swift in Sources */ = {isa = PBXBuildFile; fileRef = 8372B0271F04074400F5C081 /* PublicConstants.swift */; };
		8372B02D1F0407A600F5C081 /* BaseNavigationController.swift in Sources */ = {isa = PBXBuildFile; fileRef = 8372B02B1F0407A600F5C081 /* BaseNavigationController.swift */; };
		8372B02E1F0407A600F5C081 /* BaseNavigationController.swift in Sources */ = {isa = PBXBuildFile; fileRef = 8372B02B1F0407A600F5C081 /* BaseNavigationController.swift */; };
		8372B02F1F0407A600F5C081 /* BaseNavigationController.swift in Sources */ = {isa = PBXBuildFile; fileRef = 8372B02B1F0407A600F5C081 /* BaseNavigationController.swift */; };
		8372B0301F0407A600F5C081 /* MainTabBarController.swift in Sources */ = {isa = PBXBuildFile; fileRef = 8372B02C1F0407A600F5C081 /* MainTabBarController.swift */; };
		8372B0311F0407A600F5C081 /* MainTabBarController.swift in Sources */ = {isa = PBXBuildFile; fileRef = 8372B02C1F0407A600F5C081 /* MainTabBarController.swift */; };
		8372B0321F0407A600F5C081 /* MainTabBarController.swift in Sources */ = {isa = PBXBuildFile; fileRef = 8372B02C1F0407A600F5C081 /* MainTabBarController.swift */; };
/* End PBXBuildFile section */

/* Begin PBXContainerItemProxy section */
		833167C31F03FBE400F415F5 /* PBXContainerItemProxy */ = {
			isa = PBXContainerItemProxy;
			containerPortal = 833167A61F03FBE400F415F5 /* Project object */;
			proxyType = 1;
			remoteGlobalIDString = 833167AD1F03FBE400F415F5;
			remoteInfo = mafemgwoDemo;
		};
		833167CE1F03FBE400F415F5 /* PBXContainerItemProxy */ = {
			isa = PBXContainerItemProxy;
			containerPortal = 833167A61F03FBE400F415F5 /* Project object */;
			proxyType = 1;
			remoteGlobalIDString = 833167AD1F03FBE400F415F5;
			remoteInfo = mafemgwoDemo;
		};
/* End PBXContainerItemProxy section */

/* Begin PBXFileReference section */
		833167AE1F03FBE400F415F5 /* mafemgwoDemo.app */ = {isa = PBXFileReference; explicitFileType = wrapper.application; includeInIndex = 0; path = mafemgwoDemo.app; sourceTree = BUILT_PRODUCTS_DIR; };
		833167B11F03FBE400F415F5 /* AppDelegate.swift */ = {isa = PBXFileReference; lastKnownFileType = sourcecode.swift; path = AppDelegate.swift; sourceTree = "<group>"; };
		833167B31F03FBE400F415F5 /* ViewController.swift */ = {isa = PBXFileReference; lastKnownFileType = sourcecode.swift; path = ViewController.swift; sourceTree = "<group>"; };
		833167B61F03FBE400F415F5 /* Base */ = {isa = PBXFileReference; lastKnownFileType = file.storyboard; name = Base; path = Base.lproj/Main.storyboard; sourceTree = "<group>"; };
		833167B81F03FBE400F415F5 /* Assets.xcassets */ = {isa = PBXFileReference; lastKnownFileType = folder.assetcatalog; path = Assets.xcassets; sourceTree = "<group>"; };
		833167BB1F03FBE400F415F5 /* Base */ = {isa = PBXFileReference; lastKnownFileType = file.storyboard; name = Base; path = Base.lproj/LaunchScreen.storyboard; sourceTree = "<group>"; };
		833167BD1F03FBE400F415F5 /* Info.plist */ = {isa = PBXFileReference; lastKnownFileType = text.plist.xml; path = Info.plist; sourceTree = "<group>"; };
		833167C21F03FBE400F415F5 /* mafemgwoDemoTests.xctest */ = {isa = PBXFileReference; explicitFileType = wrapper.cfbundle; includeInIndex = 0; path = mafemgwoDemoTests.xctest; sourceTree = BUILT_PRODUCTS_DIR; };
		833167C61F03FBE400F415F5 /* mafemgwoDemoTests.swift */ = {isa = PBXFileReference; lastKnownFileType = sourcecode.swift; path = mafemgwoDemoTests.swift; sourceTree = "<group>"; };
		833167C81F03FBE400F415F5 /* Info.plist */ = {isa = PBXFileReference; lastKnownFileType = text.plist.xml; path = Info.plist; sourceTree = "<group>"; };
		833167CD1F03FBE400F415F5 /* mafemgwoDemoUITests.xctest */ = {isa = PBXFileReference; explicitFileType = wrapper.cfbundle; includeInIndex = 0; path = mafemgwoDemoUITests.xctest; sourceTree = BUILT_PRODUCTS_DIR; };
		833167D11F03FBE400F415F5 /* mafemgwoDemoUITests.swift */ = {isa = PBXFileReference; lastKnownFileType = sourcecode.swift; path = mafemgwoDemoUITests.swift; sourceTree = "<group>"; };
		833167D31F03FBE400F415F5 /* Info.plist */ = {isa = PBXFileReference; lastKnownFileType = text.plist.xml; path = Info.plist; sourceTree = "<group>"; };
		8372B0271F04074400F5C081 /* PublicConstants.swift */ = {isa = PBXFileReference; fileEncoding = 4; lastKnownFileType = sourcecode.swift; path = PublicConstants.swift; sourceTree = "<group>"; };
		8372B02B1F0407A600F5C081 /* BaseNavigationController.swift */ = {isa = PBXFileReference; fileEncoding = 4; lastKnownFileType = sourcecode.swift; path = BaseNavigationController.swift; sourceTree = "<group>"; };
		8372B02C1F0407A600F5C081 /* MainTabBarController.swift */ = {isa = PBXFileReference; fileEncoding = 4; lastKnownFileType = sourcecode.swift; path = MainTabBarController.swift; sourceTree = "<group>"; };
/* End PBXFileReference section */

/* Begin PBXFrameworksBuildPhase section */
		833167AB1F03FBE400F415F5 /* Frameworks */ = {
			isa = PBXFrameworksBuildPhase;
			buildActionMask = 2147483647;
			files = (
			);
			runOnlyForDeploymentPostprocessing = 0;
		};
		833167BF1F03FBE400F415F5 /* Frameworks */ = {
			isa = PBXFrameworksBuildPhase;
			buildActionMask = 2147483647;
			files = (
			);
			runOnlyForDeploymentPostprocessing = 0;
		};
		833167CA1F03FBE400F415F5 /* Frameworks */ = {
			isa = PBXFrameworksBuildPhase;
			buildActionMask = 2147483647;
			files = (
			);
			runOnlyForDeploymentPostprocessing = 0;
		};
/* End PBXFrameworksBuildPhase section */

/* Begin PBXGroup section */
		833167A51F03FBE400F415F5 = {
			isa = PBXGroup;
			children = (
				833167B01F03FBE400F415F5 /* mafemgwoDemo */,
				833167C51F03FBE400F415F5 /* mafemgwoDemoTests */,
				833167D01F03FBE400F415F5 /* mafemgwoDemoUITests */,
				833167AF1F03FBE400F415F5 /* Products */,
			);
			sourceTree = "<group>";
		};
		833167AF1F03FBE400F415F5 /* Products */ = {
			isa = PBXGroup;
			children = (
				833167AE1F03FBE400F415F5 /* mafemgwoDemo.app */,
				833167C21F03FBE400F415F5 /* mafemgwoDemoTests.xctest */,
				833167CD1F03FBE400F415F5 /* mafemgwoDemoUITests.xctest */,
			);
			name = Products;
			sourceTree = "<group>";
		};
		833167B01F03FBE400F415F5 /* mafemgwoDemo */ = {
			isa = PBXGroup;
			children = (
				833167B11F03FBE400F415F5 /* AppDelegate.swift */,
				833167B31F03FBE400F415F5 /* ViewController.swift */,
				8372B02B1F0407A600F5C081 /* BaseNavigationController.swift */,
				8372B02C1F0407A600F5C081 /* MainTabBarController.swift */,
				8372B0241F04074400F5C081 /* Public */,
				8372B0451F04091300F5C081 /* HomeController */,
				8372B03F1F04090A00F5C081 /* DestinationController */,
				8372B0391F04090000F5C081 /* TourStoreController */,
				8372B0331F0408EF00F5C081 /* MyController */,
				833167B51F03FBE400F415F5 /* Main.storyboard */,
				833167B81F03FBE400F415F5 /* Assets.xcassets */,
				833167BA1F03FBE400F415F5 /* LaunchScreen.storyboard */,
				833167BD1F03FBE400F415F5 /* Info.plist */,
			);
			path = mafemgwoDemo;
			sourceTree = "<group>";
		};
		833167C51F03FBE400F415F5 /* mafemgwoDemoTests */ = {
			isa = PBXGroup;
			children = (
				833167C61F03FBE400F415F5 /* mafemgwoDemoTests.swift */,
				833167C81F03FBE400F415F5 /* Info.plist */,
			);
			path = mafemgwoDemoTests;
			sourceTree = "<group>";
		};
		833167D01F03FBE400F415F5 /* mafemgwoDemoUITests */ = {
			isa = PBXGroup;
			children = (
				833167D11F03FBE400F415F5 /* mafemgwoDemoUITests.swift */,
				833167D31F03FBE400F415F5 /* Info.plist */,
			);
			path = mafemgwoDemoUITests;
			sourceTree = "<group>";
		};
		8372B0241F04074400F5C081 /* Public */ = {
			isa = PBXGroup;
			children = (
				8372B0251F04074400F5C081 /* ThirdLibrary */,
				8372B0261F04074400F5C081 /* Tools */,
			);
			path = Public;
			sourceTree = "<group>";
		};
		8372B0251F04074400F5C081 /* ThirdLibrary */ = {
			isa = PBXGroup;
			children = (
			);
			path = ThirdLibrary;
			sourceTree = "<group>";
		};
		8372B0261F04074400F5C081 /* Tools */ = {
			isa = PBXGroup;
			children = (
				8372B0271F04074400F5C081 /* PublicConstants.swift */,
			);
			path = Tools;
			sourceTree = "<group>";
		};
		8372B0331F0408EF00F5C081 /* MyController */ = {
			isa = PBXGroup;
			children = (
				8372B0341F0408EF00F5C081 /* Model */,
				8372B0351F0408EF00F5C081 /* View */,
				8372B0371F0408EF00F5C081 /* ViewController */,
				8372B0381F0408EF00F5C081 /* ViewModel */,
			);
			path = MyController;
			sourceTree = "<group>";
		};
		8372B0341F0408EF00F5C081 /* Model */ = {
			isa = PBXGroup;
			children = (
			);
			path = Model;
			sourceTree = "<group>";
		};
		8372B0351F0408EF00F5C081 /* View */ = {
			isa = PBXGroup;
			children = (
				8372B0361F0408EF00F5C081 /* Cell */,
			);
			path = View;
			sourceTree = "<group>";
		};
		8372B0361F0408EF00F5C081 /* Cell */ = {
			isa = PBXGroup;
			children = (
			);
			path = Cell;
			sourceTree = "<group>";
		};
		8372B0371F0408EF00F5C081 /* ViewController */ = {
			isa = PBXGroup;
			children = (
			);
			path = ViewController;
			sourceTree = "<group>";
		};
		8372B0381F0408EF00F5C081 /* ViewModel */ = {
			isa = PBXGroup;
			children = (
			);
			path = ViewModel;
			sourceTree = "<group>";
		};
		8372B0391F04090000F5C081 /* TourStoreController */ = {
			isa = PBXGroup;
			children = (
				8372B03A1F04090000F5C081 /* Model */,
				8372B03B1F04090000F5C081 /* View */,
				8372B03D1F04090000F5C081 /* ViewController */,
				8372B03E1F04090000F5C081 /* ViewModel */,
			);
			path = TourStoreController;
			sourceTree = "<group>";
		};
		8372B03A1F04090000F5C081 /* Model */ = {
			isa = PBXGroup;
			children = (
			);
			path = Model;
			sourceTree = "<group>";
		};
		8372B03B1F04090000F5C081 /* View */ = {
			isa = PBXGroup;
			children = (
				8372B03C1F04090000F5C081 /* Cell */,
			);
			path = View;
			sourceTree = "<group>";
		};
		8372B03C1F04090000F5C081 /* Cell */ = {
			isa = PBXGroup;
			children = (
			);
			path = Cell;
			sourceTree = "<group>";
		};
		8372B03D1F04090000F5C081 /* ViewController */ = {
			isa = PBXGroup;
			children = (
			);
			path = ViewController;
			sourceTree = "<group>";
		};
		8372B03E1F04090000F5C081 /* ViewModel */ = {
			isa = PBXGroup;
			children = (
			);
			path = ViewModel;
			sourceTree = "<group>";
		};
		8372B03F1F04090A00F5C081 /* DestinationController */ = {
			isa = PBXGroup;
			children = (
				8372B0401F04090A00F5C081 /* Model */,
				8372B0411F04090A00F5C081 /* View */,
				8372B0431F04090A00F5C081 /* ViewController */,
				8372B0441F04090A00F5C081 /* ViewModel */,
			);
			path = DestinationController;
			sourceTree = "<group>";
		};
		8372B0401F04090A00F5C081 /* Model */ = {
			isa = PBXGroup;
			children = (
			);
			path = Model;
			sourceTree = "<group>";
		};
		8372B0411F04090A00F5C081 /* View */ = {
			isa = PBXGroup;
			children = (
				8372B0421F04090A00F5C081 /* Cell */,
			);
			path = View;
			sourceTree = "<group>";
		};
		8372B0421F04090A00F5C081 /* Cell */ = {
			isa = PBXGroup;
			children = (
			);
			path = Cell;
			sourceTree = "<group>";
		};
		8372B0431F04090A00F5C081 /* ViewController */ = {
			isa = PBXGroup;
			children = (
			);
			path = ViewController;
			sourceTree = "<group>";
		};
		8372B0441F04090A00F5C081 /* ViewModel */ = {
			isa = PBXGroup;
			children = (
			);
			path = ViewModel;
			sourceTree = "<group>";
		};
		8372B0451F04091300F5C081 /* HomeController */ = {
			isa = PBXGroup;
			children = (
				8372B0461F04091300F5C081 /* Model */,
				8372B0471F04091300F5C081 /* View */,
				8372B0491F04091300F5C081 /* ViewController */,
				8372B04A1F04091300F5C081 /* ViewModel */,
			);
			path = HomeController;
			sourceTree = "<group>";
		};
		8372B0461F04091300F5C081 /* Model */ = {
			isa = PBXGroup;
			children = (
			);
			path = Model;
			sourceTree = "<group>";
		};
		8372B0471F04091300F5C081 /* View */ = {
			isa = PBXGroup;
			children = (
				8372B0481F04091300F5C081 /* Cell */,
			);
			path = View;
			sourceTree = "<group>";
		};
		8372B0481F04091300F5C081 /* Cell */ = {
			isa = PBXGroup;
			children = (
			);
			path = Cell;
			sourceTree = "<group>";
		};
		8372B0491F04091300F5C081 /* ViewController */ = {
			isa = PBXGroup;
			children = (
			);
			path = ViewController;
			sourceTree = "<group>";
		};
		8372B04A1F04091300F5C081 /* ViewModel */ = {
			isa = PBXGroup;
			children = (
			);
			path = ViewModel;
			sourceTree = "<group>";
		};
/* End PBXGroup section */

/* Begin PBXNativeTarget section */
		833167AD1F03FBE400F415F5 /* mafemgwoDemo */ = {
			isa = PBXNativeTarget;
			buildConfigurationList = 833167D61F03FBE400F415F5 /* Build configuration list for PBXNativeTarget "mafemgwoDemo" */;
			buildPhases = (
				833167AA1F03FBE400F415F5 /* Sources */,
				833167AB1F03FBE400F415F5 /* Frameworks */,
				833167AC1F03FBE400F415F5 /* Resources */,
			);
			buildRules = (
			);
			dependencies = (
			);
			name = mafemgwoDemo;
			productName = mafemgwoDemo;
			productReference = 833167AE1F03FBE400F415F5 /* mafemgwoDemo.app */;
			productType = "com.apple.product-type.application";
		};
		833167C11F03FBE400F415F5 /* mafemgwoDemoTests */ = {
			isa = PBXNativeTarget;
			buildConfigurationList = 833167D91F03FBE400F415F5 /* Build configuration list for PBXNativeTarget "mafemgwoDemoTests" */;
			buildPhases = (
				833167BE1F03FBE400F415F5 /* Sources */,
				833167BF1F03FBE400F415F5 /* Frameworks */,
				833167C01F03FBE400F415F5 /* Resources */,
			);
			buildRules = (
			);
			dependencies = (
				833167C41F03FBE400F415F5 /* PBXTargetDependency */,
			);
			name = mafemgwoDemoTests;
			productName = mafemgwoDemoTests;
			productReference = 833167C21F03FBE400F415F5 /* mafemgwoDemoTests.xctest */;
			productType = "com.apple.product-type.bundle.unit-test";
		};
		833167CC1F03FBE400F415F5 /* mafemgwoDemoUITests */ = {
			isa = PBXNativeTarget;
			buildConfigurationList = 833167DC1F03FBE400F415F5 /* Build configuration list for PBXNativeTarget "mafemgwoDemoUITests" */;
			buildPhases = (
				833167C91F03FBE400F415F5 /* Sources */,
				833167CA1F03FBE400F415F5 /* Frameworks */,
				833167CB1F03FBE400F415F5 /* Resources */,
			);
			buildRules = (
			);
			dependencies = (
				833167CF1F03FBE400F415F5 /* PBXTargetDependency */,
			);
			name = mafemgwoDemoUITests;
			productName = mafemgwoDemoUITests;
			productReference = 833167CD1F03FBE400F415F5 /* mafemgwoDemoUITests.xctest */;
			productType = "com.apple.product-type.bundle.ui-testing";
		};
/* End PBXNativeTarget section */

/* Begin PBXProject section */
		833167A61F03FBE400F415F5 /* Project object */ = {
			isa = PBXProject;
			attributes = {
				LastSwiftUpdateCheck = 0830;
				LastUpgradeCheck = 0830;
				ORGANIZATIONNAME = "出神入化";
				TargetAttributes = {
					833167AD1F03FBE400F415F5 = {
						CreatedOnToolsVersion = 8.3.3;
						DevelopmentTeam = 6225ML2ZVY;
						ProvisioningStyle = Automatic;
					};
					833167C11F03FBE400F415F5 = {
						CreatedOnToolsVersion = 8.3.3;
						DevelopmentTeam = 6225ML2ZVY;
						ProvisioningStyle = Automatic;
						TestTargetID = 833167AD1F03FBE400F415F5;
					};
					833167CC1F03FBE400F415F5 = {
						CreatedOnToolsVersion = 8.3.3;
						DevelopmentTeam = 6225ML2ZVY;
						ProvisioningStyle = Automatic;
						TestTargetID = 833167AD1F03FBE400F415F5;
					};
				};
			};
			buildConfigurationList = 833167A91F03FBE400F415F5 /* Build configuration list for PBXProject "mafemgwoDemo" */;
			compatibilityVersion = "Xcode 3.2";
			developmentRegion = English;
			hasScannedForEncodings = 0;
			knownRegions = (
				en,
				Base,
			);
			mainGroup = 833167A51F03FBE400F415F5;
			productRefGroup = 833167AF1F03FBE400F415F5 /* Products */;
			projectDirPath = "";
			projectRoot = "";
			targets = (
				833167AD1F03FBE400F415F5 /* mafemgwoDemo */,
				833167C11F03FBE400F415F5 /* mafemgwoDemoTests */,
				833167CC1F03FBE400F415F5 /* mafemgwoDemoUITests */,
			);
		};
/* End PBXProject section */

/* Begin PBXResourcesBuildPhase section */
		833167AC1F03FBE400F415F5 /* Resources */ = {
			isa = PBXResourcesBuildPhase;
			buildActionMask = 2147483647;
			files = (
				833167BC1F03FBE400F415F5 /* LaunchScreen.storyboard in Resources */,
				833167B91F03FBE400F415F5 /* Assets.xcassets in Resources */,
				833167B71F03FBE400F415F5 /* Main.storyboard in Resources */,
			);
			runOnlyForDeploymentPostprocessing = 0;
		};
		833167C01F03FBE400F415F5 /* Resources */ = {
			isa = PBXResourcesBuildPhase;
			buildActionMask = 2147483647;
			files = (
			);
			runOnlyForDeploymentPostprocessing = 0;
		};
		833167CB1F03FBE400F415F5 /* Resources */ = {
			isa = PBXResourcesBuildPhase;
			buildActionMask = 2147483647;
			files = (
			);
			runOnlyForDeploymentPostprocessing = 0;
		};
/* End PBXResourcesBuildPhase section */

/* Begin PBXSourcesBuildPhase section */
		833167AA1F03FBE400F415F5 /* Sources */ = {
			isa = PBXSourcesBuildPhase;
			buildActionMask = 2147483647;
			files = (
				8372B02D1F0407A600F5C081 /* BaseNavigationController.swift in Sources */,
				833167B41F03FBE400F415F5 /* ViewController.swift in Sources */,
				8372B0301F0407A600F5C081 /* MainTabBarController.swift in Sources */,
				8372B0281F04074400F5C081 /* PublicConstants.swift in Sources */,
				833167B21F03FBE400F415F5 /* AppDelegate.swift in Sources */,
			);
			runOnlyForDeploymentPostprocessing = 0;
		};
		833167BE1F03FBE400F415F5 /* Sources */ = {
			isa = PBXSourcesBuildPhase;
			buildActionMask = 2147483647;
			files = (
				8372B0291F04074400F5C081 /* PublicConstants.swift in Sources */,
				833167C71F03FBE400F415F5 /* mafemgwoDemoTests.swift in Sources */,
				8372B0311F0407A600F5C081 /* MainTabBarController.swift in Sources */,
				8372B02E1F0407A600F5C081 /* BaseNavigationController.swift in Sources */,
			);
			runOnlyForDeploymentPostprocessing = 0;
		};
		833167C91F03FBE400F415F5 /* Sources */ = {
			isa = PBXSourcesBuildPhase;
			buildActionMask = 2147483647;
			files = (
				8372B02A1F04074400F5C081 /* PublicConstants.swift in Sources */,
				833167D21F03FBE400F415F5 /* mafemgwoDemoUITests.swift in Sources */,
				8372B0321F0407A600F5C081 /* MainTabBarController.swift in Sources */,
				8372B02F1F0407A600F5C081 /* BaseNavigationController.swift in Sources */,
			);
			runOnlyForDeploymentPostprocessing = 0;
		};
/* End PBXSourcesBuildPhase section */

/* Begin PBXTargetDependency section */
		833167C41F03FBE400F415F5 /* PBXTargetDependency */ = {
			isa = PBXTargetDependency;
			target = 833167AD1F03FBE400F415F5 /* mafemgwoDemo */;
			targetProxy = 833167C31F03FBE400F415F5 /* PBXContainerItemProxy */;
		};
		833167CF1F03FBE400F415F5 /* PBXTargetDependency */ = {
			isa = PBXTargetDependency;
			target = 833167AD1F03FBE400F415F5 /* mafemgwoDemo */;
			targetProxy = 833167CE1F03FBE400F415F5 /* PBXContainerItemProxy */;
		};
/* End PBXTargetDependency section */

/* Begin PBXVariantGroup section */
		833167B51F03FBE400F415F5 /* Main.storyboard */ = {
			isa = PBXVariantGroup;
			children = (
				833167B61F03FBE400F415F5 /* Base */,
			);
			name = Main.storyboard;
			sourceTree = "<group>";
		};
		833167BA1F03FBE400F415F5 /* LaunchScreen.storyboard */ = {
			isa = PBXVariantGroup;
			children = (
				833167BB1F03FBE400F415F5 /* Base */,
			);
			name = LaunchScreen.storyboard;
			sourceTree = "<group>";
		};
/* End PBXVariantGroup section */

/* Begin XCBuildConfiguration section */
		833167D41F03FBE400F415F5 /* Debug */ = {
			isa = XCBuildConfiguration;
			buildSettings = {
				ALWAYS_SEARCH_USER_PATHS = NO;
				CLANG_ANALYZER_NONNULL = YES;
				CLANG_ANALYZER_NUMBER_OBJECT_CONVERSION = YES_AGGRESSIVE;
				CLANG_CXX_LANGUAGE_STANDARD = "gnu++0x";
				CLANG_CXX_LIBRARY = "libc++";
				CLANG_ENABLE_MODULES = YES;
				CLANG_ENABLE_OBJC_ARC = YES;
				CLANG_WARN_BOOL_CONVERSION = YES;
				CLANG_WARN_CONSTANT_CONVERSION = YES;
				CLANG_WARN_DIRECT_OBJC_ISA_USAGE = YES_ERROR;
				CLANG_WARN_DOCUMENTATION_COMMENTS = YES;
				CLANG_WARN_EMPTY_BODY = YES;
				CLANG_WARN_ENUM_CONVERSION = YES;
				CLANG_WARN_INFINITE_RECURSION = YES;
				CLANG_WARN_INT_CONVERSION = YES;
				CLANG_WARN_OBJC_ROOT_CLASS = YES_ERROR;
				CLANG_WARN_SUSPICIOUS_MOVE = YES;
				CLANG_WARN_UNREACHABLE_CODE = YES;
				CLANG_WARN__DUPLICATE_METHOD_MATCH = YES;
				"CODE_SIGN_IDENTITY[sdk=iphoneos*]" = "iPhone Developer";
				COPY_PHASE_STRIP = NO;
				DEBUG_INFORMATION_FORMAT = dwarf;
				ENABLE_STRICT_OBJC_MSGSEND = YES;
				ENABLE_TESTABILITY = YES;
				GCC_C_LANGUAGE_STANDARD = gnu99;
				GCC_DYNAMIC_NO_PIC = NO;
				GCC_NO_COMMON_BLOCKS = YES;
				GCC_OPTIMIZATION_LEVEL = 0;
				GCC_PREPROCESSOR_DEFINITIONS = (
					"DEBUG=1",
					"$(inherited)",
				);
				GCC_WARN_64_TO_32_BIT_CONVERSION = YES;
				GCC_WARN_ABOUT_RETURN_TYPE = YES_ERROR;
				GCC_WARN_UNDECLARED_SELECTOR = YES;
				GCC_WARN_UNINITIALIZED_AUTOS = YES_AGGRESSIVE;
				GCC_WARN_UNUSED_FUNCTION = YES;
				GCC_WARN_UNUSED_VARIABLE = YES;
				IPHONEOS_DEPLOYMENT_TARGET = 10.3;
				MTL_ENABLE_DEBUG_INFO = YES;
				ONLY_ACTIVE_ARCH = YES;
				SDKROOT = iphoneos;
				SWIFT_ACTIVE_COMPILATION_CONDITIONS = DEBUG;
				SWIFT_OPTIMIZATION_LEVEL = "-Onone";
			};
			name = Debug;
		};
		833167D51F03FBE400F415F5 /* Release */ = {
			isa = XCBuildConfiguration;
			buildSettings = {
				ALWAYS_SEARCH_USER_PATHS = NO;
				CLANG_ANALYZER_NONNULL = YES;
				CLANG_ANALYZER_NUMBER_OBJECT_CONVERSION = YES_AGGRESSIVE;
				CLANG_CXX_LANGUAGE_STANDARD = "gnu++0x";
				CLANG_CXX_LIBRARY = "libc++";
				CLANG_ENABLE_MODULES = YES;
				CLANG_ENABLE_OBJC_ARC = YES;
				CLANG_WARN_BOOL_CONVERSION = YES;
				CLANG_WARN_CONSTANT_CONVERSION = YES;
				CLANG_WARN_DIRECT_OBJC_ISA_USAGE = YES_ERROR;
				CLANG_WARN_DOCUMENTATION_COMMENTS = YES;
				CLANG_WARN_EMPTY_BODY = YES;
				CLANG_WARN_ENUM_CONVERSION = YES;
				CLANG_WARN_INFINITE_RECURSION = YES;
				CLANG_WARN_INT_CONVERSION = YES;
				CLANG_WARN_OBJC_ROOT_CLASS = YES_ERROR;
				CLANG_WARN_SUSPICIOUS_MOVE = YES;
				CLANG_WARN_UNREACHABLE_CODE = YES;
				CLANG_WARN__DUPLICATE_METHOD_MATCH = YES;
				"CODE_SIGN_IDENTITY[sdk=iphoneos*]" = "iPhone Developer";
				COPY_PHASE_STRIP = NO;
				DEBUG_INFORMATION_FORMAT = "dwarf-with-dsym";
				ENABLE_NS_ASSERTIONS = NO;
				ENABLE_STRICT_OBJC_MSGSEND = YES;
				GCC_C_LANGUAGE_STANDARD = gnu99;
				GCC_NO_COMMON_BLOCKS = YES;
				GCC_WARN_64_TO_32_BIT_CONVERSION = YES;
				GCC_WARN_ABOUT_RETURN_TYPE = YES_ERROR;
				GCC_WARN_UNDECLARED_SELECTOR = YES;
				GCC_WARN_UNINITIALIZED_AUTOS = YES_AGGRESSIVE;
				GCC_WARN_UNUSED_FUNCTION = YES;
				GCC_WARN_UNUSED_VARIABLE = YES;
				IPHONEOS_DEPLOYMENT_TARGET = 10.3;
				MTL_ENABLE_DEBUG_INFO = NO;
				SDKROOT = iphoneos;
				SWIFT_OPTIMIZATION_LEVEL = "-Owholemodule";
				VALIDATE_PRODUCT = YES;
			};
			name = Release;
		};
		833167D71F03FBE400F415F5 /* Debug */ = {
			isa = XCBuildConfiguration;
			buildSettings = {
				ASSETCATALOG_COMPILER_APPICON_NAME = AppIcon;
				DEVELOPMENT_TEAM = 6225ML2ZVY;
				INFOPLIST_FILE = mafemgwoDemo/Info.plist;
				LD_RUNPATH_SEARCH_PATHS = "$(inherited) @executable_path/Frameworks";
				PRODUCT_BUNDLE_IDENTIFIER = chushenruhua.mafemgwoDemo;
				PRODUCT_NAME = "$(TARGET_NAME)";
				SWIFT_VERSION = 3.0;
			};
			name = Debug;
		};
		833167D81F03FBE400F415F5 /* Release */ = {
			isa = XCBuildConfiguration;
			buildSettings = {
				ASSETCATALOG_COMPILER_APPICON_NAME = AppIcon;
				DEVELOPMENT_TEAM = 6225ML2ZVY;
				INFOPLIST_FILE = mafemgwoDemo/Info.plist;
				LD_RUNPATH_SEARCH_PATHS = "$(inherited) @executable_path/Frameworks";
				PRODUCT_BUNDLE_IDENTIFIER = chushenruhua.mafemgwoDemo;
				PRODUCT_NAME = "$(TARGET_NAME)";
				SWIFT_VERSION = 3.0;
			};
			name = Release;
		};
		833167DA1F03FBE400F415F5 /* Debug */ = {
			isa = XCBuildConfiguration;
			buildSettings = {
				ALWAYS_EMBED_SWIFT_STANDARD_LIBRARIES = YES;
				BUNDLE_LOADER = "$(TEST_HOST)";
				DEVELOPMENT_TEAM = 6225ML2ZVY;
				INFOPLIST_FILE = mafemgwoDemoTests/Info.plist;
				LD_RUNPATH_SEARCH_PATHS = "$(inherited) @executable_path/Frameworks @loader_path/Frameworks";
				PRODUCT_BUNDLE_IDENTIFIER = chushenruhua.mafemgwoDemoTests;
				PRODUCT_NAME = "$(TARGET_NAME)";
				SWIFT_VERSION = 3.0;
				TEST_HOST = "$(BUILT_PRODUCTS_DIR)/mafemgwoDemo.app/mafemgwoDemo";
			};
			name = Debug;
		};
		833167DB1F03FBE400F415F5 /* Release */ = {
			isa = XCBuildConfiguration;
			buildSettings = {
				ALWAYS_EMBED_SWIFT_STANDARD_LIBRARIES = YES;
				BUNDLE_LOADER = "$(TEST_HOST)";
				DEVELOPMENT_TEAM = 6225ML2ZVY;
				INFOPLIST_FILE = mafemgwoDemoTests/Info.plist;
				LD_RUNPATH_SEARCH_PATHS = "$(inherited) @executable_path/Frameworks @loader_path/Frameworks";
				PRODUCT_BUNDLE_IDENTIFIER = chushenruhua.mafemgwoDemoTests;
				PRODUCT_NAME = "$(TARGET_NAME)";
				SWIFT_VERSION = 3.0;
				TEST_HOST = "$(BUILT_PRODUCTS_DIR)/mafemgwoDemo.app/mafemgwoDemo";
			};
			name = Release;
		};
		833167DD1F03FBE400F415F5 /* Debug */ = {
			isa = XCBuildConfiguration;
			buildSettings = {
				ALWAYS_EMBED_SWIFT_STANDARD_LIBRARIES = YES;
				DEVELOPMENT_TEAM = 6225ML2ZVY;
				INFOPLIST_FILE = mafemgwoDemoUITests/Info.plist;
				LD_RUNPATH_SEARCH_PATHS = "$(inherited) @executable_path/Frameworks @loader_path/Frameworks";
				PRODUCT_BUNDLE_IDENTIFIER = chushenruhua.mafemgwoDemoUITests;
				PRODUCT_NAME = "$(TARGET_NAME)";
				SWIFT_VERSION = 3.0;
				TEST_TARGET_NAME = mafemgwoDemo;
			};
			name = Debug;
		};
		833167DE1F03FBE400F415F5 /* Release */ = {
			isa = XCBuildConfiguration;
			buildSettings = {
				ALWAYS_EMBED_SWIFT_STANDARD_LIBRARIES = YES;
				DEVELOPMENT_TEAM = 6225ML2ZVY;
				INFOPLIST_FILE = mafemgwoDemoUITests/Info.plist;
				LD_RUNPATH_SEARCH_PATHS = "$(inherited) @executable_path/Frameworks @loader_path/Frameworks";
				PRODUCT_BUNDLE_IDENTIFIER = chushenruhua.mafemgwoDemoUITests;
				PRODUCT_NAME = "$(TARGET_NAME)";
				SWIFT_VERSION = 3.0;
				TEST_TARGET_NAME = mafemgwoDemo;
			};
			name = Release;
		};
/* End XCBuildConfiguration section */

/* Begin XCConfigurationList section */
		833167A91F03FBE400F415F5 /* Build configuration list for PBXProject "mafemgwoDemo" */ = {
			isa = XCConfigurationList;
			buildConfigurations = (
				833167D41F03FBE400F415F5 /* Debug */,
				833167D51F03FBE400F415F5 /* Release */,
			);
			defaultConfigurationIsVisible = 0;
			defaultConfigurationName = Release;
		};
		833167D61F03FBE400F415F5 /* Build configuration list for PBXNativeTarget "mafemgwoDemo" */ = {
			isa = XCConfigurationList;
			buildConfigurations = (
				833167D71F03FBE400F415F5 /* Debug */,
				833167D81F03FBE400F415F5 /* Release */,
			);
			defaultConfigurationIsVisible = 0;
			defaultConfigurationName = Release;
		};
		833167D91F03FBE400F415F5 /* Build configuration list for PBXNativeTarget "mafemgwoDemoTests" */ = {
			isa = XCConfigurationList;
			buildConfigurations = (
				833167DA1F03FBE400F415F5 /* Debug */,
				833167DB1F03FBE400F415F5 /* Release */,
			);
			defaultConfigurationIsVisible = 0;
			defaultConfigurationName = Release;
		};
		833167DC1F03FBE400F415F5 /* Build configuration list for PBXNativeTarget "mafemgwoDemoUITests" */ = {
			isa = XCConfigurationList;
			buildConfigurations = (
				833167DD1F03FBE400F415F5 /* Debug */,
				833167DE1F03FBE400F415F5 /* Release */,
			);
			defaultConfigurationIsVisible = 0;
			defaultConfigurationName = Release;
		};
/* End XCConfigurationList section */
	};
	rootObject = 833167A61F03FBE400F415F5 /* Project object */;
}
